<?xml version="1.0" encoding="utf-8"?>
<Project ToolsVersion="4.0" xmlns="http://schemas.microsoft.com/developer/msbuild/2003">
  <ItemGroup>
    <Filter Include="common">
      <UniqueIdentifier>{6060a0ca-c757-409f-b9ca-3827040dcbd9}</UniqueIdentifier>
    </Filter>
    <Filter Include="game">
      <UniqueIdentifier>{e23baf78-aa1c-44c9-9df1-e9f5bc47ccef}</UniqueIdentifier>
    </Filter>
    <Filter Include="render">
      <UniqueIdentifier>{50ddebc0-ba2e-4581-aaea-afa6229e94f3}</UniqueIdentifier>
    </Filter>
  </ItemGroup>
  <ItemGroup>
    <ClCompile Include="mesh.cpp">
      <Filter>render</Filter>
    </ClCompile>
    <ClCompile Include="program.cpp">
      <Filter>render</Filter>
    </ClCompile>
    <ClCompile Include="bufferobject.cpp">
      <Filter>render</Filter>
    </ClCompile>
    <ClCompile Include="stb_image.c">
      <Filter>common</Filter>
    </ClCompile>
    <ClCompile Include="main.cpp">
      <Filter>game</Filter>
    </ClCompile>
    <ClCompile Include="quadtree.cpp">
      <Filter>common</Filter>
    </ClCompile>
    <ClCompile Include="renderqueue.cpp">
      <Filter>render</Filter>
    </ClCompile>
  </ItemGroup>
  <ItemGroup>
    <ClInclude Include="program.h">
      <Filter>render</Filter>
    </ClInclude>
    <ClInclude Include="opengl.h">
      <Filter>render</Filter>
    </ClInclude>
    <ClInclude Include="mesh.h">
      <Filter>render</Filter>
    </ClInclude>
    <ClInclude Include="bufferobject.h">
      <Filter>render</Filter>
    </ClInclude>
    <ClInclude Include="fpscamera.h">
      <Filter>game</Filter>
    </ClInclude>
    <ClInclude Include="listlink.h">
      <Filter>common</Filter>
    </ClInclude>
    <ClInclude Include="hashtable.h">
      <Filter>common</Filter>
    </ClInclude>
    <ClInclude Include="list.h">
      <Filter>common</Filter>
    </ClInclude>
    <ClInclude Include="refcounted.h">
      <Filter>common</Filter>
    </ClInclude>
    <ClInclude Include="weakref.h">
      <Filter>common</Filter>
    </ClInclude>
    <ClInclude Include="arena.h">
      <Filter>common</Filter>
    </ClInclude>
    <ClInclude Include="quadtree.h">
      <Filter>common</Filter>
    </ClInclude>
    <ClInclude Include="mymath.h">
      <Filter>common</Filter>
    </ClInclude>
    <ClInclude Include="renderqueue.h">
      <Filter>render</Filter>
    </ClInclude>
    <ClInclude Include="pool.h">
      <Filter>common</Filter>
    </ClInclude>
  </ItemGroup>
</Project>